
Microsoft Visual Studio Solution File, Format Version 12.00
# Visual Studio Version 16
VisualStudioVersion = 16.0.33927.289
MinimumVisualStudioVersion = 10.0.40219.1
Project("{2150E333-8FDC-42A3-9474-1A3956D46DE8}") = "Task0", "Task0", "{A1AA95D6-C3BB-4FD4-AB01-EC75D78C7B17}"
EndProject
Project("{FAE04EC0-301F-11D3-BF4B-00C04F79EFBC}") = "Tyuiu.VolovikovMV.Sprint6.Task0.V11.Lib", "Tyuiu.VolovikovMV.Sprint6.Task0.V11.Lib\Tyuiu.VolovikovMV.Sprint6.Task0.V11.Lib.csproj", "{5FE397BB-5FBD-437B-9200-D4EF3F3D709E}"
EndProject
Project("{FAE04EC0-301F-11D3-BF4B-00C04F79EFBC}") = "Tyuiu.VolovikovMV.Sprint6.Task0.V11.Test", "Tyuiu.VolovikovMV.Sprint6.Task0.V11.Test\Tyuiu.VolovikovMV.Sprint6.Task0.V11.Test.csproj", "{CD622DF8-59B2-4195-8F44-9E3F79FFAD09}"
EndProject
Project("{FAE04EC0-301F-11D3-BF4B-00C04F79EFBC}") = "Tyuiu.VolovikovMV.Sprint6.Task0.V11", "Tyuiu.VolovikovMV.Sprint6.Task0.V11\Tyuiu.VolovikovMV.Sprint6.Task0.V11.csproj", "{12650FC2-1FB0-4DEB-A0E6-33F1FD0F4995}"
EndProject
Project("{2150E333-8FDC-42A3-9474-1A3956D46DE8}") = "Task1", "Task1", "{51CEDAC1-1F5F-4BD0-9675-37D906A22AD7}"
EndProject
Project("{FAE04EC0-301F-11D3-BF4B-00C04F79EFBC}") = "Tyuiu.VolovikovMV.Sprint6.Task1.V3", "Tyuiu.VolovikovMV.Sprint6.Task1.V3\Tyuiu.VolovikovMV.Sprint6.Task1.V3.csproj", "{85E91DF6-A617-49FB-B6E1-8E3ADF6F4568}"
EndProject
Project("{FAE04EC0-301F-11D3-BF4B-00C04F79EFBC}") = "Tyuiu.VolovikovMV.Sprint6.Task1.V3.Lib", "Tyuiu.VolovikovMV.Sprint6.Task1.V3.Lib\Tyuiu.VolovikovMV.Sprint6.Task1.V3.Lib.csproj", "{BA7DF41B-6FCE-4AE2-B94A-9FE30E86C374}"
EndProject
Project("{FAE04EC0-301F-11D3-BF4B-00C04F79EFBC}") = "Tyuiu.VolovikovMV.Sprint6.Task1.V3.Test", "Tyuiu.VolovikovMV.Sprint6.Task1.V3.Test\Tyuiu.VolovikovMV.Sprint6.Task1.V3.Test.csproj", "{63DCCC1F-4197-4AE1-8C7F-8133A9707725}"
EndProject
Project("{2150E333-8FDC-42A3-9474-1A3956D46DE8}") = "Task2", "Task2", "{A29FB964-F36F-414E-A139-58F381137E51}"
EndProject
Project("{FAE04EC0-301F-11D3-BF4B-00C04F79EFBC}") = "Tyuiu.VolovikovMV.Sprint6.Task2.V8", "Tyuiu.VolovikovMV.Sprint6.Task2.V8\Tyuiu.VolovikovMV.Sprint6.Task2.V8.csproj", "{9746C96D-5918-4B6C-B497-77EA36B33EAD}"
EndProject
Project("{FAE04EC0-301F-11D3-BF4B-00C04F79EFBC}") = "Tyuiu.VolovikovMV.Sprint6.Task2.V8.Lib", "Tyuiu.VolovikovMV.Sprint6.Task2.V8.Lib\Tyuiu.VolovikovMV.Sprint6.Task2.V8.Lib.csproj", "{3717A00C-0D71-4E02-8F59-1B97362AB43F}"
EndProject
Project("{FAE04EC0-301F-11D3-BF4B-00C04F79EFBC}") = "Tyuiu.VolovikovMV.Sprint6.Task2.V8.Test", "Tyuiu.VolovikovMV.Sprint6.Task2.V8.Test\Tyuiu.VolovikovMV.Sprint6.Task2.V8.Test.csproj", "{0D5076DF-D6E1-48C6-B180-02A0A223B00D}"
EndProject
Project("{2150E333-8FDC-42A3-9474-1A3956D46DE8}") = "Task3", "Task3", "{0F0807D2-4DD8-4F6F-9FA7-3CD6E0174670}"
EndProject
Project("{FAE04EC0-301F-11D3-BF4B-00C04F79EFBC}") = "Tyuiu.VolovikovMV.Sprint6.Task3.V23", "Tyuiu.VolovikovMV.Sprint6.Task3.V23\Tyuiu.VolovikovMV.Sprint6.Task3.V23.csproj", "{B3B679D1-DFEF-4BCA-8051-CAE7DE2B5C01}"
EndProject
Project("{FAE04EC0-301F-11D3-BF4B-00C04F79EFBC}") = "Tyuiu.VolovikovMV.Sprint6.Task3.V23.Lib", "Tyuiu.VolovikovMV.Sprint6.Task3.V23.Lib\Tyuiu.VolovikovMV.Sprint6.Task3.V23.Lib.csproj", "{5B7792C8-F52B-4850-8777-C0E4DFB4F6B1}"
EndProject
Project("{FAE04EC0-301F-11D3-BF4B-00C04F79EFBC}") = "Tyuiu.VolovikovMV.Sprint6.Task3.V23.Test", "Tyuiu.VolovikovMV.Sprint6.Task3.V23.Test\Tyuiu.VolovikovMV.Sprint6.Task3.V23.Test.csproj", "{F3D472C7-6BA9-4A3C-B0F5-E8E8A33FBF06}"
EndProject
Global
	GlobalSection(SolutionConfigurationPlatforms) = preSolution
		Debug|Any CPU = Debug|Any CPU
		Release|Any CPU = Release|Any CPU
	EndGlobalSection
	GlobalSection(ProjectConfigurationPlatforms) = postSolution
		{5FE397BB-5FBD-437B-9200-D4EF3F3D709E}.Debug|Any CPU.ActiveCfg = Debug|Any CPU
		{5FE397BB-5FBD-437B-9200-D4EF3F3D709E}.Debug|Any CPU.Build.0 = Debug|Any CPU
		{5FE397BB-5FBD-437B-9200-D4EF3F3D709E}.Release|Any CPU.ActiveCfg = Release|Any CPU
		{5FE397BB-5FBD-437B-9200-D4EF3F3D709E}.Release|Any CPU.Build.0 = Release|Any CPU
		{CD622DF8-59B2-4195-8F44-9E3F79FFAD09}.Debug|Any CPU.ActiveCfg = Debug|Any CPU
		{CD622DF8-59B2-4195-8F44-9E3F79FFAD09}.Debug|Any CPU.Build.0 = Debug|Any CPU
		{CD622DF8-59B2-4195-8F44-9E3F79FFAD09}.Release|Any CPU.ActiveCfg = Release|Any CPU
		{CD622DF8-59B2-4195-8F44-9E3F79FFAD09}.Release|Any CPU.Build.0 = Release|Any CPU
		{12650FC2-1FB0-4DEB-A0E6-33F1FD0F4995}.Debug|Any CPU.ActiveCfg = Debug|Any CPU
		{12650FC2-1FB0-4DEB-A0E6-33F1FD0F4995}.Debug|Any CPU.Build.0 = Debug|Any CPU
		{12650FC2-1FB0-4DEB-A0E6-33F1FD0F4995}.Release|Any CPU.ActiveCfg = Release|Any CPU
		{12650FC2-1FB0-4DEB-A0E6-33F1FD0F4995}.Release|Any CPU.Build.0 = Release|Any CPU
		{85E91DF6-A617-49FB-B6E1-8E3ADF6F4568}.Debug|Any CPU.ActiveCfg = Debug|Any CPU
		{85E91DF6-A617-49FB-B6E1-8E3ADF6F4568}.Debug|Any CPU.Build.0 = Debug|Any CPU
		{85E91DF6-A617-49FB-B6E1-8E3ADF6F4568}.Release|Any CPU.ActiveCfg = Release|Any CPU
		{85E91DF6-A617-49FB-B6E1-8E3ADF6F4568}.Release|Any CPU.Build.0 = Release|Any CPU
		{BA7DF41B-6FCE-4AE2-B94A-9FE30E86C374}.Debug|Any CPU.ActiveCfg = Debug|Any CPU
		{BA7DF41B-6FCE-4AE2-B94A-9FE30E86C374}.Debug|Any CPU.Build.0 = Debug|Any CPU
		{BA7DF41B-6FCE-4AE2-B94A-9FE30E86C374}.Release|Any CPU.ActiveCfg = Release|Any CPU
		{BA7DF41B-6FCE-4AE2-B94A-9FE30E86C374}.Release|Any CPU.Build.0 = Release|Any CPU
		{63DCCC1F-4197-4AE1-8C7F-8133A9707725}.Debug|Any CPU.ActiveCfg = Debug|Any CPU
		{63DCCC1F-4197-4AE1-8C7F-8133A9707725}.Debug|Any CPU.Build.0 = Debug|Any CPU
		{63DCCC1F-4197-4AE1-8C7F-8133A9707725}.Release|Any CPU.ActiveCfg = Release|Any CPU
		{63DCCC1F-4197-4AE1-8C7F-8133A9707725}.Release|Any CPU.Build.0 = Release|Any CPU
		{9746C96D-5918-4B6C-B497-77EA36B33EAD}.Debug|Any CPU.ActiveCfg = Debug|Any CPU
		{9746C96D-5918-4B6C-B497-77EA36B33EAD}.Debug|Any CPU.Build.0 = Debug|Any CPU
		{9746C96D-5918-4B6C-B497-77EA36B33EAD}.Release|Any CPU.ActiveCfg = Release|Any CPU
		{9746C96D-5918-4B6C-B497-77EA36B33EAD}.Release|Any CPU.Build.0 = Release|Any CPU
		{3717A00C-0D71-4E02-8F59-1B97362AB43F}.Debug|Any CPU.ActiveCfg = Debug|Any CPU
		{3717A00C-0D71-4E02-8F59-1B97362AB43F}.Debug|Any CPU.Build.0 = Debug|Any CPU
		{3717A00C-0D71-4E02-8F59-1B97362AB43F}.Release|Any CPU.ActiveCfg = Release|Any CPU
		{3717A00C-0D71-4E02-8F59-1B97362AB43F}.Release|Any CPU.Build.0 = Release|Any CPU
		{0D5076DF-D6E1-48C6-B180-02A0A223B00D}.Debug|Any CPU.ActiveCfg = Debug|Any CPU
		{0D5076DF-D6E1-48C6-B180-02A0A223B00D}.Debug|Any CPU.Build.0 = Debug|Any CPU
		{0D5076DF-D6E1-48C6-B180-02A0A223B00D}.Release|Any CPU.ActiveCfg = Release|Any CPU
		{0D5076DF-D6E1-48C6-B180-02A0A223B00D}.Release|Any CPU.Build.0 = Release|Any CPU
		{B3B679D1-DFEF-4BCA-8051-CAE7DE2B5C01}.Debug|Any CPU.ActiveCfg = Debug|Any CPU
		{B3B679D1-DFEF-4BCA-8051-CAE7DE2B5C01}.Debug|Any CPU.Build.0 = Debug|Any CPU
		{B3B679D1-DFEF-4BCA-8051-CAE7DE2B5C01}.Release|Any CPU.ActiveCfg = Release|Any CPU
		{B3B679D1-DFEF-4BCA-8051-CAE7DE2B5C01}.Release|Any CPU.Build.0 = Release|Any CPU
		{5B7792C8-F52B-4850-8777-C0E4DFB4F6B1}.Debug|Any CPU.ActiveCfg = Debug|Any CPU
		{5B7792C8-F52B-4850-8777-C0E4DFB4F6B1}.Debug|Any CPU.Build.0 = Debug|Any CPU
		{5B7792C8-F52B-4850-8777-C0E4DFB4F6B1}.Release|Any CPU.ActiveCfg = Release|Any CPU
		{5B7792C8-F52B-4850-8777-C0E4DFB4F6B1}.Release|Any CPU.Build.0 = Release|Any CPU
		{F3D472C7-6BA9-4A3C-B0F5-E8E8A33FBF06}.Debug|Any CPU.ActiveCfg = Debug|Any CPU
		{F3D472C7-6BA9-4A3C-B0F5-E8E8A33FBF06}.Debug|Any CPU.Build.0 = Debug|Any CPU
		{F3D472C7-6BA9-4A3C-B0F5-E8E8A33FBF06}.Release|Any CPU.ActiveCfg = Release|Any CPU
		{F3D472C7-6BA9-4A3C-B0F5-E8E8A33FBF06}.Release|Any CPU.Build.0 = Release|Any CPU
	EndGlobalSection
	GlobalSection(SolutionProperties) = preSolution
		HideSolutionNode = FALSE
	EndGlobalSection
	GlobalSection(NestedProjects) = preSolution
		{5FE397BB-5FBD-437B-9200-D4EF3F3D709E} = {A1AA95D6-C3BB-4FD4-AB01-EC75D78C7B17}
		{CD622DF8-59B2-4195-8F44-9E3F79FFAD09} = {A1AA95D6-C3BB-4FD4-AB01-EC75D78C7B17}
		{12650FC2-1FB0-4DEB-A0E6-33F1FD0F4995} = {A1AA95D6-C3BB-4FD4-AB01-EC75D78C7B17}
		{85E91DF6-A617-49FB-B6E1-8E3ADF6F4568} = {51CEDAC1-1F5F-4BD0-9675-37D906A22AD7}
		{BA7DF41B-6FCE-4AE2-B94A-9FE30E86C374} = {51CEDAC1-1F5F-4BD0-9675-37D906A22AD7}
		{63DCCC1F-4197-4AE1-8C7F-8133A9707725} = {51CEDAC1-1F5F-4BD0-9675-37D906A22AD7}
		{9746C96D-5918-4B6C-B497-77EA36B33EAD} = {A29FB964-F36F-414E-A139-58F381137E51}
		{3717A00C-0D71-4E02-8F59-1B97362AB43F} = {A29FB964-F36F-414E-A139-58F381137E51}
		{0D5076DF-D6E1-48C6-B180-02A0A223B00D} = {A29FB964-F36F-414E-A139-58F381137E51}
		{B3B679D1-DFEF-4BCA-8051-CAE7DE2B5C01} = {0F0807D2-4DD8-4F6F-9FA7-3CD6E0174670}
		{5B7792C8-F52B-4850-8777-C0E4DFB4F6B1} = {0F0807D2-4DD8-4F6F-9FA7-3CD6E0174670}
		{F3D472C7-6BA9-4A3C-B0F5-E8E8A33FBF06} = {0F0807D2-4DD8-4F6F-9FA7-3CD6E0174670}
	EndGlobalSection
	GlobalSection(ExtensibilityGlobals) = postSolution
		SolutionGuid = {32247D98-4785-460E-87A4-FDB17594EDC2}
	EndGlobalSection
EndGlobal
